
Microsoft Visual Studio Solution File, Format Version 12.00
# Visual Studio 15
VisualStudioVersion = 15.0.27004.2008
MinimumVisualStudioVersion = 10.0.40219.1
Project("{FAE04EC0-301F-11D3-BF4B-00C04F79EFBC}") = "Method", "Method\Method.csproj", "{18CEC3E1-37AF-44EB-906F-109DF3DF60B0}"
EndProject
Global
	GlobalSection(SolutionConfigurationPlatforms) = preSolution
		Debug|Any CPU = Debug|Any CPU
		Release|Any CPU = Release|Any CPU
	EndGlobalSection
	GlobalSection(ProjectConfigurationPlatforms) = postSolution
		{18CEC3E1-37AF-44EB-906F-109DF3DF60B0}.Debug|Any CPU.ActiveCfg = Debug|Any CPU
		{18CEC3E1-37AF-44EB-906F-109DF3DF60B0}.Debug|Any CPU.Build.0 = Debug|Any CPU
		{18CEC3E1-37AF-44EB-906F-109DF3DF60B0}.Release|Any CPU.ActiveCfg = Release|Any CPU
		{18CEC3E1-37AF-44EB-906F-109DF3DF60B0}.Release|Any CPU.Build.0 = Release|Any CPU
	EndGlobalSection
	GlobalSection(SolutionProperties) = preSolution
		HideSolutionNode = FALSE
	EndGlobalSection
	GlobalSection(ExtensibilityGlobals) = postSolution
		SolutionGuid = {2565EA50-52F9-47A2-938D-7F759C4CEBF5}
	EndGlobalSection
EndGlobal
